// !$*UTF8*$!
{
	archiveVersion = 1;
	classes = {
	};
	objectVersion = 55;
	objects = {

/* Begin PBXBuildFile section */
		AD5CBD6528804C81007CA91E /* AppDelegate.swift in Sources */ = {isa = PBXBuildFile; fileRef = AD5CBD6428804C81007CA91E /* AppDelegate.swift */; };
		AD5CBD6728804C81007CA91E /* SceneDelegate.swift in Sources */ = {isa = PBXBuildFile; fileRef = AD5CBD6628804C81007CA91E /* SceneDelegate.swift */; };
		AD5CBD6928804C81007CA91E /* FeaturedViewController.swift in Sources */ = {isa = PBXBuildFile; fileRef = AD5CBD6828804C81007CA91E /* FeaturedViewController.swift */; };
		AD5CBD6C28804C81007CA91E /* Main.storyboard in Resources */ = {isa = PBXBuildFile; fileRef = AD5CBD6A28804C81007CA91E /* Main.storyboard */; };
		AD5CBD6E28804C88007CA91E /* Assets.xcassets in Resources */ = {isa = PBXBuildFile; fileRef = AD5CBD6D28804C88007CA91E /* Assets.xcassets */; };
		AD5CBD7128804C88007CA91E /* LaunchScreen.storyboard in Resources */ = {isa = PBXBuildFile; fileRef = AD5CBD6F28804C88007CA91E /* LaunchScreen.storyboard */; };
		AD5CBD7E28814DD0007CA91E /* CustomBlurView.swift in Sources */ = {isa = PBXBuildFile; fileRef = AD5CBD7A28814DCF007CA91E /* CustomBlurView.swift */; };
		AD5CBD7F28814DD0007CA91E /* CustomUIView.swift in Sources */ = {isa = PBXBuildFile; fileRef = AD5CBD7B28814DCF007CA91E /* CustomUIView.swift */; };
		AD5CBD8028814DD0007CA91E /* Font.swift in Sources */ = {isa = PBXBuildFile; fileRef = AD5CBD7C28814DCF007CA91E /* Font.swift */; };
		AD5CBD8128814DD0007CA91E /* CustomImageView.swift in Sources */ = {isa = PBXBuildFile; fileRef = AD5CBD7D28814DCF007CA91E /* CustomImageView.swift */; };
		AD5CFD0628A161B700D396CB /* CustomTabBarViewContoller.swift in Sources */ = {isa = PBXBuildFile; fileRef = AD5CFD0528A161B600D396CB /* CustomTabBarViewContoller.swift */; };
		AD5CFD0828A29A2700D396CB /* SectionsCollectionViewCell.swift in Sources */ = {isa = PBXBuildFile; fileRef = AD5CFD0728A29A2600D396CB /* SectionsCollectionViewCell.swift */; };
		AD5CFD0A28A29E8300D396CB /* ExploreViewController.swift in Sources */ = {isa = PBXBuildFile; fileRef = AD5CFD0928A29E8200D396CB /* ExploreViewController.swift */; };
		ADBE1E132892A56700E4E5E0 /* CoursesTableViewCell.swift in Sources */ = {isa = PBXBuildFile; fileRef = ADBE1E122892A56700E4E5E0 /* CoursesTableViewCell.swift */; };
		ADCD345F289125FA0082DA3F /* Course.swift in Sources */ = {isa = PBXBuildFile; fileRef = ADCD345E289125F90082DA3F /* Course.swift */; };
		ADD0E8152886E6F100CCA19F /* HandbookCollectionViewCell.swift in Sources */ = {isa = PBXBuildFile; fileRef = ADD0E8142886E6F100CCA19F /* HandbookCollectionViewCell.swift */; };
		ADE1D692289A3735000B8E54 /* CoursesViewController.swift in Sources */ = {isa = PBXBuildFile; fileRef = ADE1D691289A3734000B8E54 /* CoursesViewController.swift */; };
		ADE1D694289A4375000B8E54 /* Section.swift in Sources */ = {isa = PBXBuildFile; fileRef = ADE1D693289A4371000B8E54 /* Section.swift */; };
		ADEA3FA5289D03130082B0E3 /* SectionTableViewCell.swift in Sources */ = {isa = PBXBuildFile; fileRef = ADEA3FA4289D03130082B0E3 /* SectionTableViewCell.swift */; };
/* End PBXBuildFile section */

/* Begin PBXFileReference section */
		AD5CBD6128804C81007CA91E /* Thor Love and Thunder.app */ = {isa = PBXFileReference; explicitFileType = wrapper.application; includeInIndex = 0; path = "Thor Love and Thunder.app"; sourceTree = BUILT_PRODUCTS_DIR; };
		AD5CBD6428804C81007CA91E /* AppDelegate.swift */ = {isa = PBXFileReference; lastKnownFileType = sourcecode.swift; path = AppDelegate.swift; sourceTree = "<group>"; };
		AD5CBD6628804C81007CA91E /* SceneDelegate.swift */ = {isa = PBXFileReference; lastKnownFileType = sourcecode.swift; path = SceneDelegate.swift; sourceTree = "<group>"; };
		AD5CBD6828804C81007CA91E /* FeaturedViewController.swift */ = {isa = PBXFileReference; lastKnownFileType = sourcecode.swift; path = FeaturedViewController.swift; sourceTree = "<group>"; };
		AD5CBD6B28804C81007CA91E /* Base */ = {isa = PBXFileReference; lastKnownFileType = file.storyboard; name = Base; path = Base.lproj/Main.storyboard; sourceTree = "<group>"; };
		AD5CBD6D28804C88007CA91E /* Assets.xcassets */ = {isa = PBXFileReference; lastKnownFileType = folder.assetcatalog; path = Assets.xcassets; sourceTree = "<group>"; };
		AD5CBD7028804C88007CA91E /* Base */ = {isa = PBXFileReference; lastKnownFileType = file.storyboard; name = Base; path = Base.lproj/LaunchScreen.storyboard; sourceTree = "<group>"; };
		AD5CBD7228804C88007CA91E /* Info.plist */ = {isa = PBXFileReference; lastKnownFileType = text.plist.xml; path = Info.plist; sourceTree = "<group>"; };
		AD5CBD782880A8E8007CA91E /* MyPlayground.playground */ = {isa = PBXFileReference; lastKnownFileType = file.playground; path = MyPlayground.playground; sourceTree = "<group>"; xcLanguageSpecificationIdentifier = xcode.lang.swift; };
		AD5CBD7A28814DCF007CA91E /* CustomBlurView.swift */ = {isa = PBXFileReference; fileEncoding = 4; lastKnownFileType = sourcecode.swift; path = CustomBlurView.swift; sourceTree = "<group>"; };
		AD5CBD7B28814DCF007CA91E /* CustomUIView.swift */ = {isa = PBXFileReference; fileEncoding = 4; lastKnownFileType = sourcecode.swift; path = CustomUIView.swift; sourceTree = "<group>"; };
		AD5CBD7C28814DCF007CA91E /* Font.swift */ = {isa = PBXFileReference; fileEncoding = 4; lastKnownFileType = sourcecode.swift; path = Font.swift; sourceTree = "<group>"; };
		AD5CBD7D28814DCF007CA91E /* CustomImageView.swift */ = {isa = PBXFileReference; fileEncoding = 4; lastKnownFileType = sourcecode.swift; path = CustomImageView.swift; sourceTree = "<group>"; };
		AD5CFD0528A161B600D396CB /* CustomTabBarViewContoller.swift */ = {isa = PBXFileReference; lastKnownFileType = sourcecode.swift; path = CustomTabBarViewContoller.swift; sourceTree = "<group>"; };
		AD5CFD0728A29A2600D396CB /* SectionsCollectionViewCell.swift */ = {isa = PBXFileReference; lastKnownFileType = sourcecode.swift; path = SectionsCollectionViewCell.swift; sourceTree = "<group>"; };
		AD5CFD0928A29E8200D396CB /* ExploreViewController.swift */ = {isa = PBXFileReference; lastKnownFileType = sourcecode.swift; path = ExploreViewController.swift; sourceTree = "<group>"; };
		ADBE1E122892A56700E4E5E0 /* CoursesTableViewCell.swift */ = {isa = PBXFileReference; lastKnownFileType = sourcecode.swift; path = CoursesTableViewCell.swift; sourceTree = "<group>"; };
		ADCD345E289125F90082DA3F /* Course.swift */ = {isa = PBXFileReference; lastKnownFileType = sourcecode.swift; path = Course.swift; sourceTree = "<group>"; };
		ADD0E8142886E6F100CCA19F /* HandbookCollectionViewCell.swift */ = {isa = PBXFileReference; lastKnownFileType = sourcecode.swift; path = HandbookCollectionViewCell.swift; sourceTree = "<group>"; };
		ADE1D691289A3734000B8E54 /* CoursesViewController.swift */ = {isa = PBXFileReference; lastKnownFileType = sourcecode.swift; path = CoursesViewController.swift; sourceTree = "<group>"; };
		ADE1D693289A4371000B8E54 /* Section.swift */ = {isa = PBXFileReference; lastKnownFileType = sourcecode.swift; path = Section.swift; sourceTree = "<group>"; };
		ADEA3FA4289D03130082B0E3 /* SectionTableViewCell.swift */ = {isa = PBXFileReference; lastKnownFileType = sourcecode.swift; path = SectionTableViewCell.swift; sourceTree = "<group>"; };
/* End PBXFileReference section */

/* Begin PBXFrameworksBuildPhase section */
		AD5CBD5E28804C81007CA91E /* Frameworks */ = {
			isa = PBXFrameworksBuildPhase;
			buildActionMask = 2147483647;
			files = (
			);
			runOnlyForDeploymentPostprocessing = 0;
		};
/* End PBXFrameworksBuildPhase section */

/* Begin PBXGroup section */
		AD5CBD5828804C81007CA91E = {
			isa = PBXGroup;
			children = (
				AD5CBD6328804C81007CA91E /* Thor Love and Thunder */,
				AD5CBD6228804C81007CA91E /* Products */,
			);
			sourceTree = "<group>";
		};
		AD5CBD6228804C81007CA91E /* Products */ = {
			isa = PBXGroup;
			children = (
				AD5CBD6128804C81007CA91E /* Thor Love and Thunder.app */,
			);
			name = Products;
			sourceTree = "<group>";
		};
		AD5CBD6328804C81007CA91E /* Thor Love and Thunder */ = {
			isa = PBXGroup;
			children = (
				AD5CBD6428804C81007CA91E /* AppDelegate.swift */,
				AD5CBD6628804C81007CA91E /* SceneDelegate.swift */,
				AD655C402891405100EAC498 /* Cells */,
				AD655C412891406500EAC498 /* Classes */,
				AD655C3F2891402000EAC498 /* ViewControllers */,
				AD5CBD7928814DCF007CA91E /* Helpers */,
				AD5CBD782880A8E8007CA91E /* MyPlayground.playground */,
				AD5CBD6A28804C81007CA91E /* Main.storyboard */,
				AD5CBD6D28804C88007CA91E /* Assets.xcassets */,
				AD5CBD6F28804C88007CA91E /* LaunchScreen.storyboard */,
				AD5CBD7228804C88007CA91E /* Info.plist */,
			);
			path = "Thor Love and Thunder";
			sourceTree = "<group>";
		};
		AD5CBD7928814DCF007CA91E /* Helpers */ = {
			isa = PBXGroup;
			children = (
				AD5CBD7A28814DCF007CA91E /* CustomBlurView.swift */,
				AD5CBD7B28814DCF007CA91E /* CustomUIView.swift */,
				AD5CBD7C28814DCF007CA91E /* Font.swift */,
				AD5CBD7D28814DCF007CA91E /* CustomImageView.swift */,
				AD5CFD0528A161B600D396CB /* CustomTabBarViewContoller.swift */,
			);
			path = Helpers;
			sourceTree = "<group>";
		};
		AD655C3F2891402000EAC498 /* ViewControllers */ = {
			isa = PBXGroup;
			children = (
				AD5CBD6828804C81007CA91E /* FeaturedViewController.swift */,
				ADE1D691289A3734000B8E54 /* CoursesViewController.swift */,
				AD5CFD0928A29E8200D396CB /* ExploreViewController.swift */,
			);
			path = ViewControllers;
			sourceTree = "<group>";
		};
		AD655C402891405100EAC498 /* Cells */ = {
			isa = PBXGroup;
			children = (
				ADD0E8142886E6F100CCA19F /* HandbookCollectionViewCell.swift */,
				ADBE1E122892A56700E4E5E0 /* CoursesTableViewCell.swift */,
				ADEA3FA4289D03130082B0E3 /* SectionTableViewCell.swift */,
				AD5CFD0728A29A2600D396CB /* SectionsCollectionViewCell.swift */,
			);
			path = Cells;
			sourceTree = "<group>";
		};
		AD655C412891406500EAC498 /* Classes */ = {
			isa = PBXGroup;
			children = (
				ADCD345E289125F90082DA3F /* Course.swift */,
				ADE1D693289A4371000B8E54 /* Section.swift */,
			);
			path = Classes;
			sourceTree = "<group>";
		};
/* End PBXGroup section */

/* Begin PBXNativeTarget section */
		AD5CBD6028804C81007CA91E /* Thor Love and Thunder */ = {
			isa = PBXNativeTarget;
			buildConfigurationList = AD5CBD7528804C88007CA91E /* Build configuration list for PBXNativeTarget "Thor Love and Thunder" */;
			buildPhases = (
				AD5CBD5D28804C81007CA91E /* Sources */,
				AD5CBD5E28804C81007CA91E /* Frameworks */,
				AD5CBD5F28804C81007CA91E /* Resources */,
			);
			buildRules = (
			);
			dependencies = (
			);
			name = "Thor Love and Thunder";
			productName = "Thor Love and Thunder";
			productReference = AD5CBD6128804C81007CA91E /* Thor Love and Thunder.app */;
			productType = "com.apple.product-type.application";
		};
/* End PBXNativeTarget section */

/* Begin PBXProject section */
		AD5CBD5928804C81007CA91E /* Project object */ = {
			isa = PBXProject;
			attributes = {
				BuildIndependentTargetsInParallel = 1;
				LastSwiftUpdateCheck = 1320;
				LastUpgradeCheck = 1320;
				TargetAttributes = {
					AD5CBD6028804C81007CA91E = {
						CreatedOnToolsVersion = 13.2.1;
					};
				};
			};
			buildConfigurationList = AD5CBD5C28804C81007CA91E /* Build configuration list for PBXProject "Thor Love and Thunder" */;
			compatibilityVersion = "Xcode 13.0";
			developmentRegion = en;
			hasScannedForEncodings = 0;
			knownRegions = (
				en,
				Base,
			);
			mainGroup = AD5CBD5828804C81007CA91E;
			productRefGroup = AD5CBD6228804C81007CA91E /* Products */;
			projectDirPath = "";
			projectRoot = "";
			targets = (
				AD5CBD6028804C81007CA91E /* Thor Love and Thunder */,
			);
		};
/* End PBXProject section */

/* Begin PBXResourcesBuildPhase section */
		AD5CBD5F28804C81007CA91E /* Resources */ = {
			isa = PBXResourcesBuildPhase;
			buildActionMask = 2147483647;
			files = (
				AD5CBD7128804C88007CA91E /* LaunchScreen.storyboard in Resources */,
				AD5CBD6E28804C88007CA91E /* Assets.xcassets in Resources */,
				AD5CBD6C28804C81007CA91E /* Main.storyboard in Resources */,
			);
			runOnlyForDeploymentPostprocessing = 0;
		};
/* End PBXResourcesBuildPhase section */

/* Begin PBXSourcesBuildPhase section */
		AD5CBD5D28804C81007CA91E /* Sources */ = {
			isa = PBXSourcesBuildPhase;
			buildActionMask = 2147483647;
			files = (
				ADCD345F289125FA0082DA3F /* Course.swift in Sources */,
				ADD0E8152886E6F100CCA19F /* HandbookCollectionViewCell.swift in Sources */,
				ADE1D692289A3735000B8E54 /* CoursesViewController.swift in Sources */,
				ADEA3FA5289D03130082B0E3 /* SectionTableViewCell.swift in Sources */,
				AD5CFD0A28A29E8300D396CB /* ExploreViewController.swift in Sources */,
				AD5CBD6928804C81007CA91E /* FeaturedViewController.swift in Sources */,
				AD5CBD7F28814DD0007CA91E /* CustomUIView.swift in Sources */,
				AD5CFD0628A161B700D396CB /* CustomTabBarViewContoller.swift in Sources */,
				AD5CBD8028814DD0007CA91E /* Font.swift in Sources */,
				AD5CBD8128814DD0007CA91E /* CustomImageView.swift in Sources */,
				AD5CBD6528804C81007CA91E /* AppDelegate.swift in Sources */,
				AD5CBD7E28814DD0007CA91E /* CustomBlurView.swift in Sources */,
				ADE1D694289A4375000B8E54 /* Section.swift in Sources */,
				ADBE1E132892A56700E4E5E0 /* CoursesTableViewCell.swift in Sources */,
				AD5CFD0828A29A2700D396CB /* SectionsCollectionViewCell.swift in Sources */,
				AD5CBD6728804C81007CA91E /* SceneDelegate.swift in Sources */,
			);
			runOnlyForDeploymentPostprocessing = 0;
		};
/* End PBXSourcesBuildPhase section */

/* Begin PBXVariantGroup section */
		AD5CBD6A28804C81007CA91E /* Main.storyboard */ = {
			isa = PBXVariantGroup;
			children = (
				AD5CBD6B28804C81007CA91E /* Base */,
			);
			name = Main.storyboard;
			sourceTree = "<group>";
		};
		AD5CBD6F28804C88007CA91E /* LaunchScreen.storyboard */ = {
			isa = PBXVariantGroup;
			children = (
				AD5CBD7028804C88007CA91E /* Base */,
			);
			name = LaunchScreen.storyboard;
			sourceTree = "<group>";
		};
/* End PBXVariantGroup section */

/* Begin XCBuildConfiguration section */
		AD5CBD7328804C88007CA91E /* Debug */ = {
			isa = XCBuildConfiguration;
			buildSettings = {
				ALWAYS_SEARCH_USER_PATHS = NO;
				CLANG_ANALYZER_NONNULL = YES;
				CLANG_ANALYZER_NUMBER_OBJECT_CONVERSION = YES_AGGRESSIVE;
				CLANG_CXX_LANGUAGE_STANDARD = "gnu++17";
				CLANG_CXX_LIBRARY = "libc++";
				CLANG_ENABLE_MODULES = YES;
				CLANG_ENABLE_OBJC_ARC = YES;
				CLANG_ENABLE_OBJC_WEAK = YES;
				CLANG_WARN_BLOCK_CAPTURE_AUTORELEASING = YES;
				CLANG_WARN_BOOL_CONVERSION = YES;
				CLANG_WARN_COMMA = YES;
				CLANG_WARN_CONSTANT_CONVERSION = YES;
				CLANG_WARN_DEPRECATED_OBJC_IMPLEMENTATIONS = YES;
				CLANG_WARN_DIRECT_OBJC_ISA_USAGE = YES_ERROR;
				CLANG_WARN_DOCUMENTATION_COMMENTS = YES;
				CLANG_WARN_EMPTY_BODY = YES;
				CLANG_WARN_ENUM_CONVERSION = YES;
				CLANG_WARN_INFINITE_RECURSION = YES;
				CLANG_WARN_INT_CONVERSION = YES;
				CLANG_WARN_NON_LITERAL_NULL_CONVERSION = YES;
				CLANG_WARN_OBJC_IMPLICIT_RETAIN_SELF = YES;
				CLANG_WARN_OBJC_LITERAL_CONVERSION = YES;
				CLANG_WARN_OBJC_ROOT_CLASS = YES_ERROR;
				CLANG_WARN_QUOTED_INCLUDE_IN_FRAMEWORK_HEADER = YES;
				CLANG_WARN_RANGE_LOOP_ANALYSIS = YES;
				CLANG_WARN_STRICT_PROTOTYPES = YES;
				CLANG_WARN_SUSPICIOUS_MOVE = YES;
				CLANG_WARN_UNGUARDED_AVAILABILITY = YES_AGGRESSIVE;
				CLANG_WARN_UNREACHABLE_CODE = YES;
				CLANG_WARN__DUPLICATE_METHOD_MATCH = YES;
				COPY_PHASE_STRIP = NO;
				DEBUG_INFORMATION_FORMAT = dwarf;
				ENABLE_STRICT_OBJC_MSGSEND = YES;
				ENABLE_TESTABILITY = YES;
				GCC_C_LANGUAGE_STANDARD = gnu11;
				GCC_DYNAMIC_NO_PIC = NO;
				GCC_NO_COMMON_BLOCKS = YES;
				GCC_OPTIMIZATION_LEVEL = 0;
				GCC_PREPROCESSOR_DEFINITIONS = (
					"DEBUG=1",
					"$(inherited)",
				);
				GCC_WARN_64_TO_32_BIT_CONVERSION = YES;
				GCC_WARN_ABOUT_RETURN_TYPE = YES_ERROR;
				GCC_WARN_UNDECLARED_SELECTOR = YES;
				GCC_WARN_UNINITIALIZED_AUTOS = YES_AGGRESSIVE;
				GCC_WARN_UNUSED_FUNCTION = YES;
				GCC_WARN_UNUSED_VARIABLE = YES;
				IPHONEOS_DEPLOYMENT_TARGET = 15.2;
				MTL_ENABLE_DEBUG_INFO = INCLUDE_SOURCE;
				MTL_FAST_MATH = YES;
				ONLY_ACTIVE_ARCH = YES;
				SDKROOT = iphoneos;
				SWIFT_ACTIVE_COMPILATION_CONDITIONS = DEBUG;
				SWIFT_OPTIMIZATION_LEVEL = "-Onone";
			};
			name = Debug;
		};
		AD5CBD7428804C88007CA91E /* Release */ = {
			isa = XCBuildConfiguration;
			buildSettings = {
				ALWAYS_SEARCH_USER_PATHS = NO;
				CLANG_ANALYZER_NONNULL = YES;
				CLANG_ANALYZER_NUMBER_OBJECT_CONVERSION = YES_AGGRESSIVE;
				CLANG_CXX_LANGUAGE_STANDARD = "gnu++17";
				CLANG_CXX_LIBRARY = "libc++";
				CLANG_ENABLE_MODULES = YES;
				CLANG_ENABLE_OBJC_ARC = YES;
				CLANG_ENABLE_OBJC_WEAK = YES;
				CLANG_WARN_BLOCK_CAPTURE_AUTORELEASING = YES;
				CLANG_WARN_BOOL_CONVERSION = YES;
				CLANG_WARN_COMMA = YES;
				CLANG_WARN_CONSTANT_CONVERSION = YES;
				CLANG_WARN_DEPRECATED_OBJC_IMPLEMENTATIONS = YES;
				CLANG_WARN_DIRECT_OBJC_ISA_USAGE = YES_ERROR;
				CLANG_WARN_DOCUMENTATION_COMMENTS = YES;
				CLANG_WARN_EMPTY_BODY = YES;
				CLANG_WARN_ENUM_CONVERSION = YES;
				CLANG_WARN_INFINITE_RECURSION = YES;
				CLANG_WARN_INT_CONVERSION = YES;
				CLANG_WARN_NON_LITERAL_NULL_CONVERSION = YES;
				CLANG_WARN_OBJC_IMPLICIT_RETAIN_SELF = YES;
				CLANG_WARN_OBJC_LITERAL_CONVERSION = YES;
				CLANG_WARN_OBJC_ROOT_CLASS = YES_ERROR;
				CLANG_WARN_QUOTED_INCLUDE_IN_FRAMEWORK_HEADER = YES;
				CLANG_WARN_RANGE_LOOP_ANALYSIS = YES;
				CLANG_WARN_STRICT_PROTOTYPES = YES;
				CLANG_WARN_SUSPICIOUS_MOVE = YES;
				CLANG_WARN_UNGUARDED_AVAILABILITY = YES_AGGRESSIVE;
				CLANG_WARN_UNREACHABLE_CODE = YES;
				CLANG_WARN__DUPLICATE_METHOD_MATCH = YES;
				COPY_PHASE_STRIP = NO;
				DEBUG_INFORMATION_FORMAT = "dwarf-with-dsym";
				ENABLE_NS_ASSERTIONS = NO;
				ENABLE_STRICT_OBJC_MSGSEND = YES;
				GCC_C_LANGUAGE_STANDARD = gnu11;
				GCC_NO_COMMON_BLOCKS = YES;
				GCC_WARN_64_TO_32_BIT_CONVERSION = YES;
				GCC_WARN_ABOUT_RETURN_TYPE = YES_ERROR;
				GCC_WARN_UNDECLARED_SELECTOR = YES;
				GCC_WARN_UNINITIALIZED_AUTOS = YES_AGGRESSIVE;
				GCC_WARN_UNUSED_FUNCTION = YES;
				GCC_WARN_UNUSED_VARIABLE = YES;
				IPHONEOS_DEPLOYMENT_TARGET = 15.2;
				MTL_ENABLE_DEBUG_INFO = NO;
				MTL_FAST_MATH = YES;
				SDKROOT = iphoneos;
				SWIFT_COMPILATION_MODE = wholemodule;
				SWIFT_OPTIMIZATION_LEVEL = "-O";
				VALIDATE_PRODUCT = YES;
			};
			name = Release;
		};
		AD5CBD7628804C88007CA91E /* Debug */ = {
			isa = XCBuildConfiguration;
			buildSettings = {
				ASSETCATALOG_COMPILER_APPICON_NAME = AppIcon;
				ASSETCATALOG_COMPILER_GLOBAL_ACCENT_COLOR_NAME = AccentColor;
				CODE_SIGN_STYLE = Automatic;
				CURRENT_PROJECT_VERSION = 1;
				DEVELOPMENT_TEAM = ZJNAC9JBB4;
				GENERATE_INFOPLIST_FILE = YES;
				INFOPLIST_FILE = "Thor Love and Thunder/Info.plist";
				INFOPLIST_KEY_UIApplicationSupportsIndirectInputEvents = YES;
				INFOPLIST_KEY_UILaunchStoryboardName = LaunchScreen;
				INFOPLIST_KEY_UIMainStoryboardFile = Main;
				INFOPLIST_KEY_UISupportedInterfaceOrientations_iPad = "UIInterfaceOrientationPortrait UIInterfaceOrientationPortraitUpsideDown UIInterfaceOrientationLandscapeLeft UIInterfaceOrientationLandscapeRight";
				INFOPLIST_KEY_UISupportedInterfaceOrientations_iPhone = "UIInterfaceOrientationPortrait UIInterfaceOrientationLandscapeLeft UIInterfaceOrientationLandscapeRight";
				LD_RUNPATH_SEARCH_PATHS = (
					"$(inherited)",
					"@executable_path/Frameworks",
				);
				MARKETING_VERSION = 1.0;
				PRODUCT_BUNDLE_IDENTIFIER = "com.daitensai.Thor-Love-and-Thunder";
				PRODUCT_NAME = "$(TARGET_NAME)";
				SWIFT_EMIT_LOC_STRINGS = YES;
				SWIFT_VERSION = 5.0;
				TARGETED_DEVICE_FAMILY = "1,2";
			};
			name = Debug;
		};
		AD5CBD7728804C88007CA91E /* Release */ = {
			isa = XCBuildConfiguration;
			buildSettings = {
				ASSETCATALOG_COMPILER_APPICON_NAME = AppIcon;
				ASSETCATALOG_COMPILER_GLOBAL_ACCENT_COLOR_NAME = AccentColor;
				CODE_SIGN_STYLE = Automatic;
				CURRENT_PROJECT_VERSION = 1;
				DEVELOPMENT_TEAM = ZJNAC9JBB4;
				GENERATE_INFOPLIST_FILE = YES;
				INFOPLIST_FILE = "Thor Love and Thunder/Info.plist";
				INFOPLIST_KEY_UIApplicationSupportsIndirectInputEvents = YES;
				INFOPLIST_KEY_UILaunchStoryboardName = LaunchScreen;
				INFOPLIST_KEY_UIMainStoryboardFile = Main;
				INFOPLIST_KEY_UISupportedInterfaceOrientations_iPad = "UIInterfaceOrientationPortrait UIInterfaceOrientationPortraitUpsideDown UIInterfaceOrientationLandscapeLeft UIInterfaceOrientationLandscapeRight";
				INFOPLIST_KEY_UISupportedInterfaceOrientations_iPhone = "UIInterfaceOrientationPortrait UIInterfaceOrientationLandscapeLeft UIInterfaceOrientationLandscapeRight";
				LD_RUNPATH_SEARCH_PATHS = (
					"$(inherited)",
					"@executable_path/Frameworks",
				);
				MARKETING_VERSION = 1.0;
				PRODUCT_BUNDLE_IDENTIFIER = "com.daitensai.Thor-Love-and-Thunder";
				PRODUCT_NAME = "$(TARGET_NAME)";
				SWIFT_EMIT_LOC_STRINGS = YES;
				SWIFT_VERSION = 5.0;
				TARGETED_DEVICE_FAMILY = "1,2";
			};
			name = Release;
		};
/* End XCBuildConfiguration section */

/* Begin XCConfigurationList section */
		AD5CBD5C28804C81007CA91E /* Build configuration list for PBXProject "Thor Love and Thunder" */ = {
			isa = XCConfigurationList;
			buildConfigurations = (
				AD5CBD7328804C88007CA91E /* Debug */,
				AD5CBD7428804C88007CA91E /* Release */,
			);
			defaultConfigurationIsVisible = 0;
			defaultConfigurationName = Release;
		};
		AD5CBD7528804C88007CA91E /* Build configuration list for PBXNativeTarget "Thor Love and Thunder" */ = {
			isa = XCConfigurationList;
			buildConfigurations = (
				AD5CBD7628804C88007CA91E /* Debug */,
				AD5CBD7728804C88007CA91E /* Release */,
			);
			defaultConfigurationIsVisible = 0;
			defaultConfigurationName = Release;
		};
/* End XCConfigurationList section */
	};
	rootObject = AD5CBD5928804C81007CA91E /* Project object */;
}
